// !$*UTF8*$!
{
	archiveVersion = 1;
	classes = {
	};
	objectVersion = 46;
	objects = {

/* Begin PBXBuildFile section */
		848D9AED1EF759210001D35A /* AppDelegate.swift in Sources */ = {isa = PBXBuildFile; fileRef = 848D9AEC1EF759210001D35A /* AppDelegate.swift */; };
		848D9AF21EF759210001D35A /* Main.storyboard in Resources */ = {isa = PBXBuildFile; fileRef = 848D9AF01EF759210001D35A /* Main.storyboard */; };
		848D9AF41EF759210001D35A /* Assets.xcassets in Resources */ = {isa = PBXBuildFile; fileRef = 848D9AF31EF759210001D35A /* Assets.xcassets */; };
		848D9AF71EF759210001D35A /* LaunchScreen.storyboard in Resources */ = {isa = PBXBuildFile; fileRef = 848D9AF51EF759210001D35A /* LaunchScreen.storyboard */; };
		848D9B021EF759220001D35A /* DeleteImageTests.swift in Sources */ = {isa = PBXBuildFile; fileRef = 848D9B011EF759220001D35A /* DeleteImageTests.swift */; };
		848D9B0D1EF759220001D35A /* DeleteImageUITests.swift in Sources */ = {isa = PBXBuildFile; fileRef = 848D9B0C1EF759220001D35A /* DeleteImageUITests.swift */; };
		848D9B1B1EF75BF90001D35A /* ViewController.swift in Sources */ = {isa = PBXBuildFile; fileRef = 848D9B1A1EF75BF90001D35A /* ViewController.swift */; };
/* End PBXBuildFile section */

/* Begin PBXContainerItemProxy section */
		848D9AFE1EF759210001D35A /* PBXContainerItemProxy */ = {
			isa = PBXContainerItemProxy;
			containerPortal = 848D9AE11EF759200001D35A /* Project object */;
			proxyType = 1;
			remoteGlobalIDString = 848D9AE81EF759210001D35A;
			remoteInfo = DeleteImage;
		};
		848D9B091EF759220001D35A /* PBXContainerItemProxy */ = {
			isa = PBXContainerItemProxy;
			containerPortal = 848D9AE11EF759200001D35A /* Project object */;
			proxyType = 1;
			remoteGlobalIDString = 848D9AE81EF759210001D35A;
			remoteInfo = DeleteImage;
		};
/* End PBXContainerItemProxy section */

/* Begin PBXFileReference section */
		848D9AE91EF759210001D35A /* DeleteImage.app */ = {isa = PBXFileReference; explicitFileType = wrapper.application; includeInIndex = 0; path = DeleteImage.app; sourceTree = BUILT_PRODUCTS_DIR; };
		848D9AEC1EF759210001D35A /* AppDelegate.swift */ = {isa = PBXFileReference; lastKnownFileType = sourcecode.swift; path = AppDelegate.swift; sourceTree = "<group>"; };
		848D9AF11EF759210001D35A /* Base */ = {isa = PBXFileReference; lastKnownFileType = file.storyboard; name = Base; path = Base.lproj/Main.storyboard; sourceTree = "<group>"; };
		848D9AF31EF759210001D35A /* Assets.xcassets */ = {isa = PBXFileReference; lastKnownFileType = folder.assetcatalog; path = Assets.xcassets; sourceTree = "<group>"; };
		848D9AF61EF759210001D35A /* Base */ = {isa = PBXFileReference; lastKnownFileType = file.storyboard; name = Base; path = Base.lproj/LaunchScreen.storyboard; sourceTree = "<group>"; };
		848D9AF81EF759210001D35A /* Info.plist */ = {isa = PBXFileReference; lastKnownFileType = text.plist.xml; path = Info.plist; sourceTree = "<group>"; };
		848D9AFD1EF759210001D35A /* DeleteImageTests.xctest */ = {isa = PBXFileReference; explicitFileType = wrapper.cfbundle; includeInIndex = 0; path = DeleteImageTests.xctest; sourceTree = BUILT_PRODUCTS_DIR; };
		848D9B011EF759220001D35A /* DeleteImageTests.swift */ = {isa = PBXFileReference; lastKnownFileType = sourcecode.swift; path = DeleteImageTests.swift; sourceTree = "<group>"; };
		848D9B031EF759220001D35A /* Info.plist */ = {isa = PBXFileReference; lastKnownFileType = text.plist.xml; path = Info.plist; sourceTree = "<group>"; };
		848D9B081EF759220001D35A /* DeleteImageUITests.xctest */ = {isa = PBXFileReference; explicitFileType = wrapper.cfbundle; includeInIndex = 0; path = DeleteImageUITests.xctest; sourceTree = BUILT_PRODUCTS_DIR; };
		848D9B0C1EF759220001D35A /* DeleteImageUITests.swift */ = {isa = PBXFileReference; lastKnownFileType = sourcecode.swift; path = DeleteImageUITests.swift; sourceTree = "<group>"; };
		848D9B0E1EF759220001D35A /* Info.plist */ = {isa = PBXFileReference; lastKnownFileType = text.plist.xml; path = Info.plist; sourceTree = "<group>"; };
		848D9B1A1EF75BF90001D35A /* ViewController.swift */ = {isa = PBXFileReference; fileEncoding = 4; lastKnownFileType = sourcecode.swift; path = ViewController.swift; sourceTree = "<group>"; };
/* End PBXFileReference section */

/* Begin PBXFrameworksBuildPhase section */
		848D9AE61EF759210001D35A /* Frameworks */ = {
			isa = PBXFrameworksBuildPhase;
			buildActionMask = 2147483647;
			files = (
			);
			runOnlyForDeploymentPostprocessing = 0;
		};
		848D9AFA1EF759210001D35A /* Frameworks */ = {
			isa = PBXFrameworksBuildPhase;
			buildActionMask = 2147483647;
			files = (
			);
			runOnlyForDeploymentPostprocessing = 0;
		};
		848D9B051EF759220001D35A /* Frameworks */ = {
			isa = PBXFrameworksBuildPhase;
			buildActionMask = 2147483647;
			files = (
			);
			runOnlyForDeploymentPostprocessing = 0;
		};
/* End PBXFrameworksBuildPhase section */

/* Begin PBXGroup section */
		848D9AE01EF759200001D35A = {
			isa = PBXGroup;
			children = (
				848D9AEB1EF759210001D35A /* DeleteImage */,
				848D9B001EF759210001D35A /* DeleteImageTests */,
				848D9B0B1EF759220001D35A /* DeleteImageUITests */,
				848D9AEA1EF759210001D35A /* Products */,
			);
			sourceTree = "<group>";
		};
		848D9AEA1EF759210001D35A /* Products */ = {
			isa = PBXGroup;
			children = (
				848D9AE91EF759210001D35A /* DeleteImage.app */,
				848D9AFD1EF759210001D35A /* DeleteImageTests.xctest */,
				848D9B081EF759220001D35A /* DeleteImageUITests.xctest */,
			);
			name = Products;
			sourceTree = "<group>";
		};
		848D9AEB1EF759210001D35A /* DeleteImage */ = {
			isa = PBXGroup;
			children = (
				848D9AEC1EF759210001D35A /* AppDelegate.swift */,
				848D9B1A1EF75BF90001D35A /* ViewController.swift */,
				848D9AF01EF759210001D35A /* Main.storyboard */,
				848D9AF31EF759210001D35A /* Assets.xcassets */,
				848D9AF51EF759210001D35A /* LaunchScreen.storyboard */,
				848D9AF81EF759210001D35A /* Info.plist */,
			);
			path = DeleteImage;
			sourceTree = "<group>";
		};
		848D9B001EF759210001D35A /* DeleteImageTests */ = {
			isa = PBXGroup;
			children = (
				848D9B011EF759220001D35A /* DeleteImageTests.swift */,
				848D9B031EF759220001D35A /* Info.plist */,
			);
			path = DeleteImageTests;
			sourceTree = "<group>";
		};
		848D9B0B1EF759220001D35A /* DeleteImageUITests */ = {
			isa = PBXGroup;
			children = (
				848D9B0C1EF759220001D35A /* DeleteImageUITests.swift */,
				848D9B0E1EF759220001D35A /* Info.plist */,
			);
			path = DeleteImageUITests;
			sourceTree = "<group>";
		};
/* End PBXGroup section */

/* Begin PBXNativeTarget section */
		848D9AE81EF759210001D35A /* DeleteImage */ = {
			isa = PBXNativeTarget;
			buildConfigurationList = 848D9B111EF759220001D35A /* Build configuration list for PBXNativeTarget "DeleteImage" */;
			buildPhases = (
				848D9AE51EF759210001D35A /* Sources */,
				848D9AE61EF759210001D35A /* Frameworks */,
				848D9AE71EF759210001D35A /* Resources */,
			);
			buildRules = (
			);
			dependencies = (
			);
			name = DeleteImage;
			productName = DeleteImage;
			productReference = 848D9AE91EF759210001D35A /* DeleteImage.app */;
			productType = "com.apple.product-type.application";
		};
		848D9AFC1EF759210001D35A /* DeleteImageTests */ = {
			isa = PBXNativeTarget;
			buildConfigurationList = 848D9B141EF759220001D35A /* Build configuration list for PBXNativeTarget "DeleteImageTests" */;
			buildPhases = (
				848D9AF91EF759210001D35A /* Sources */,
				848D9AFA1EF759210001D35A /* Frameworks */,
				848D9AFB1EF759210001D35A /* Resources */,
			);
			buildRules = (
			);
			dependencies = (
				848D9AFF1EF759210001D35A /* PBXTargetDependency */,
			);
			name = DeleteImageTests;
			productName = DeleteImageTests;
			productReference = 848D9AFD1EF759210001D35A /* DeleteImageTests.xctest */;
			productType = "com.apple.product-type.bundle.unit-test";
		};
		848D9B071EF759220001D35A /* DeleteImageUITests */ = {
			isa = PBXNativeTarget;
			buildConfigurationList = 848D9B171EF759220001D35A /* Build configuration list for PBXNativeTarget "DeleteImageUITests" */;
			buildPhases = (
				848D9B041EF759220001D35A /* Sources */,
				848D9B051EF759220001D35A /* Frameworks */,
				848D9B061EF759220001D35A /* Resources */,
			);
			buildRules = (
			);
			dependencies = (
				848D9B0A1EF759220001D35A /* PBXTargetDependency */,
			);
			name = DeleteImageUITests;
			productName = DeleteImageUITests;
			productReference = 848D9B081EF759220001D35A /* DeleteImageUITests.xctest */;
			productType = "com.apple.product-type.bundle.ui-testing";
		};
/* End PBXNativeTarget section */

/* Begin PBXProject section */
		848D9AE11EF759200001D35A /* Project object */ = {
			isa = PBXProject;
			attributes = {
				LastSwiftUpdateCheck = 0830;
				LastUpgradeCheck = 0830;
				ORGANIZATIONNAME = admin;
				TargetAttributes = {
					848D9AE81EF759210001D35A = {
						CreatedOnToolsVersion = 8.3.3;
						DevelopmentTeam = L78GS2GP27;
						ProvisioningStyle = Automatic;
					};
					848D9AFC1EF759210001D35A = {
						CreatedOnToolsVersion = 8.3.3;
						DevelopmentTeam = L78GS2GP27;
						ProvisioningStyle = Automatic;
						TestTargetID = 848D9AE81EF759210001D35A;
					};
					848D9B071EF759220001D35A = {
						CreatedOnToolsVersion = 8.3.3;
						DevelopmentTeam = L78GS2GP27;
						ProvisioningStyle = Automatic;
						TestTargetID = 848D9AE81EF759210001D35A;
					};
				};
			};
			buildConfigurationList = 848D9AE41EF759200001D35A /* Build configuration list for PBXProject "DeleteImage" */;
			compatibilityVersion = "Xcode 3.2";
			developmentRegion = English;
			hasScannedForEncodings = 0;
			knownRegions = (
				en,
				Base,
			);
			mainGroup = 848D9AE01EF759200001D35A;
			productRefGroup = 848D9AEA1EF759210001D35A /* Products */;
			projectDirPath = "";
			projectRoot = "";
			targets = (
				848D9AE81EF759210001D35A /* DeleteImage */,
				848D9AFC1EF759210001D35A /* DeleteImageTests */,
				848D9B071EF759220001D35A /* DeleteImageUITests */,
			);
		};
/* End PBXProject section */

/* Begin PBXResourcesBuildPhase section */
		848D9AE71EF759210001D35A /* Resources */ = {
			isa = PBXResourcesBuildPhase;
			buildActionMask = 2147483647;
			files = (
				848D9AF71EF759210001D35A /* LaunchScreen.storyboard in Resources */,
				848D9AF41EF759210001D35A /* Assets.xcassets in Resources */,
				848D9AF21EF759210001D35A /* Main.storyboard in Resources */,
			);
			runOnlyForDeploymentPostprocessing = 0;
		};
		848D9AFB1EF759210001D35A /* Resources */ = {
			isa = PBXResourcesBuildPhase;
			buildActionMask = 2147483647;
			files = (
			);
			runOnlyForDeploymentPostprocessing = 0;
		};
		848D9B061EF759220001D35A /* Resources */ = {
			isa = PBXResourcesBuildPhase;
			buildActionMask = 2147483647;
			files = (
			);
			runOnlyForDeploymentPostprocessing = 0;
		};
/* End PBXResourcesBuildPhase section */

/* Begin PBXSourcesBuildPhase section */
		848D9AE51EF759210001D35A /* Sources */ = {
			isa = PBXSourcesBuildPhase;
			buildActionMask = 2147483647;
			files = (
				848D9B1B1EF75BF90001D35A /* ViewController.swift in Sources */,
				848D9AED1EF759210001D35A /* AppDelegate.swift in Sources */,
			);
			runOnlyForDeploymentPostprocessing = 0;
		};
		848D9AF91EF759210001D35A /* Sources */ = {
			isa = PBXSourcesBuildPhase;
			buildActionMask = 2147483647;
			files = (
				848D9B021EF759220001D35A /* DeleteImageTests.swift in Sources */,
			);
			runOnlyForDeploymentPostprocessing = 0;
		};
		848D9B041EF759220001D35A /* Sources */ = {
			isa = PBXSourcesBuildPhase;
			buildActionMask = 2147483647;
			files = (
				848D9B0D1EF759220001D35A /* DeleteImageUITests.swift in Sources */,
			);
			runOnlyForDeploymentPostprocessing = 0;
		};
/* End PBXSourcesBuildPhase section */

/* Begin PBXTargetDependency section */
		848D9AFF1EF759210001D35A /* PBXTargetDependency */ = {
			isa = PBXTargetDependency;
			target = 848D9AE81EF759210001D35A /* DeleteImage */;
			targetProxy = 848D9AFE1EF759210001D35A /* PBXContainerItemProxy */;
		};
		848D9B0A1EF759220001D35A /* PBXTargetDependency */ = {
			isa = PBXTargetDependency;
			target = 848D9AE81EF759210001D35A /* DeleteImage */;
			targetProxy = 848D9B091EF759220001D35A /* PBXContainerItemProxy */;
		};
/* End PBXTargetDependency section */

/* Begin PBXVariantGroup section */
		848D9AF01EF759210001D35A /* Main.storyboard */ = {
			isa = PBXVariantGroup;
			children = (
				848D9AF11EF759210001D35A /* Base */,
			);
			name = Main.storyboard;
			sourceTree = "<group>";
		};
		848D9AF51EF759210001D35A /* LaunchScreen.storyboard */ = {
			isa = PBXVariantGroup;
			children = (
				848D9AF61EF759210001D35A /* Base */,
			);
			name = LaunchScreen.storyboard;
			sourceTree = "<group>";
		};
/* End PBXVariantGroup section */

/* Begin XCBuildConfiguration section */
		848D9B0F1EF759220001D35A /* Debug */ = {
			isa = XCBuildConfiguration;
			buildSettings = {
				ALWAYS_SEARCH_USER_PATHS = NO;
				CLANG_ANALYZER_NONNULL = YES;
				CLANG_ANALYZER_NUMBER_OBJECT_CONVERSION = YES_AGGRESSIVE;
				CLANG_CXX_LANGUAGE_STANDARD = "gnu++0x";
				CLANG_CXX_LIBRARY = "libc++";
				CLANG_ENABLE_MODULES = YES;
				CLANG_ENABLE_OBJC_ARC = YES;
				CLANG_WARN_BOOL_CONVERSION = YES;
				CLANG_WARN_CONSTANT_CONVERSION = YES;
				CLANG_WARN_DIRECT_OBJC_ISA_USAGE = YES_ERROR;
				CLANG_WARN_DOCUMENTATION_COMMENTS = YES;
				CLANG_WARN_EMPTY_BODY = YES;
				CLANG_WARN_ENUM_CONVERSION = YES;
				CLANG_WARN_INFINITE_RECURSION = YES;
				CLANG_WARN_INT_CONVERSION = YES;
				CLANG_WARN_OBJC_ROOT_CLASS = YES_ERROR;
				CLANG_WARN_SUSPICIOUS_MOVE = YES;
				CLANG_WARN_UNREACHABLE_CODE = YES;
				CLANG_WARN__DUPLICATE_METHOD_MATCH = YES;
				"CODE_SIGN_IDENTITY[sdk=iphoneos*]" = "iPhone Developer";
				COPY_PHASE_STRIP = NO;
				DEBUG_INFORMATION_FORMAT = dwarf;
				ENABLE_STRICT_OBJC_MSGSEND = YES;
				ENABLE_TESTABILITY = YES;
				GCC_C_LANGUAGE_STANDARD = gnu99;
				GCC_DYNAMIC_NO_PIC = NO;
				GCC_NO_COMMON_BLOCKS = YES;
				GCC_OPTIMIZATION_LEVEL = 0;
				GCC_PREPROCESSOR_DEFINITIONS = (
					"DEBUG=1",
					"$(inherited)",
				);
				GCC_WARN_64_TO_32_BIT_CONVERSION = YES;
				GCC_WARN_ABOUT_RETURN_TYPE = YES_ERROR;
				GCC_WARN_UNDECLARED_SELECTOR = YES;
				GCC_WARN_UNINITIALIZED_AUTOS = YES_AGGRESSIVE;
				GCC_WARN_UNUSED_FUNCTION = YES;
				GCC_WARN_UNUSED_VARIABLE = YES;
				IPHONEOS_DEPLOYMENT_TARGET = 10.3;
				MTL_ENABLE_DEBUG_INFO = YES;
				ONLY_ACTIVE_ARCH = YES;
				SDKROOT = iphoneos;
				SWIFT_ACTIVE_COMPILATION_CONDITIONS = DEBUG;
				SWIFT_OPTIMIZATION_LEVEL = "-Onone";
			};
			name = Debug;
		};
		848D9B101EF759220001D35A /* Release */ = {
			isa = XCBuildConfiguration;
			buildSettings = {
				ALWAYS_SEARCH_USER_PATHS = NO;
				CLANG_ANALYZER_NONNULL = YES;
				CLANG_ANALYZER_NUMBER_OBJECT_CONVERSION = YES_AGGRESSIVE;
				CLANG_CXX_LANGUAGE_STANDARD = "gnu++0x";
				CLANG_CXX_LIBRARY = "libc++";
				CLANG_ENABLE_MODULES = YES;
				CLANG_ENABLE_OBJC_ARC = YES;
				CLANG_WARN_BOOL_CONVERSION = YES;
				CLANG_WARN_CONSTANT_CONVERSION = YES;
				CLANG_WARN_DIRECT_OBJC_ISA_USAGE = YES_ERROR;
				CLANG_WARN_DOCUMENTATION_COMMENTS = YES;
				CLANG_WARN_EMPTY_BODY = YES;
				CLANG_WARN_ENUM_CONVERSION = YES;
				CLANG_WARN_INFINITE_RECURSION = YES;
				CLANG_WARN_INT_CONVERSION = YES;
				CLANG_WARN_OBJC_ROOT_CLASS = YES_ERROR;
				CLANG_WARN_SUSPICIOUS_MOVE = YES;
				CLANG_WARN_UNREACHABLE_CODE = YES;
				CLANG_WARN__DUPLICATE_METHOD_MATCH = YES;
				"CODE_SIGN_IDENTITY[sdk=iphoneos*]" = "iPhone Developer";
				COPY_PHASE_STRIP = NO;
				DEBUG_INFORMATION_FORMAT = "dwarf-with-dsym";
				ENABLE_NS_ASSERTIONS = NO;
				ENABLE_STRICT_OBJC_MSGSEND = YES;
				GCC_C_LANGUAGE_STANDARD = gnu99;
				GCC_NO_COMMON_BLOCKS = YES;
				GCC_WARN_64_TO_32_BIT_CONVERSION = YES;
				GCC_WARN_ABOUT_RETURN_TYPE = YES_ERROR;
				GCC_WARN_UNDECLARED_SELECTOR = YES;
				GCC_WARN_UNINITIALIZED_AUTOS = YES_AGGRESSIVE;
				GCC_WARN_UNUSED_FUNCTION = YES;
				GCC_WARN_UNUSED_VARIABLE = YES;
				IPHONEOS_DEPLOYMENT_TARGET = 10.3;
				MTL_ENABLE_DEBUG_INFO = NO;
				SDKROOT = iphoneos;
				SWIFT_OPTIMIZATION_LEVEL = "-Owholemodule";
				VALIDATE_PRODUCT = YES;
			};
			name = Release;
		};
		848D9B121EF759220001D35A /* Debug */ = {
			isa = XCBuildConfiguration;
			buildSettings = {
				ASSETCATALOG_COMPILER_APPICON_NAME = AppIcon;
				DEVELOPMENT_TEAM = L78GS2GP27;
				INFOPLIST_FILE = DeleteImage/Info.plist;
				IPHONEOS_DEPLOYMENT_TARGET = 9.1;
				LD_RUNPATH_SEARCH_PATHS = "$(inherited) @executable_path/Frameworks";
				PRODUCT_BUNDLE_IDENTIFIER = com.ydsz.DeleteImage;
				PRODUCT_NAME = "$(TARGET_NAME)";
				SWIFT_VERSION = 3.0;
			};
			name = Debug;
		};
		848D9B131EF759220001D35A /* Release */ = {
			isa = XCBuildConfiguration;
			buildSettings = {
				ASSETCATALOG_COMPILER_APPICON_NAME = AppIcon;
				DEVELOPMENT_TEAM = L78GS2GP27;
				INFOPLIST_FILE = DeleteImage/Info.plist;
				IPHONEOS_DEPLOYMENT_TARGET = 9.1;
				LD_RUNPATH_SEARCH_PATHS = "$(inherited) @executable_path/Frameworks";
				PRODUCT_BUNDLE_IDENTIFIER = com.ydsz.DeleteImage;
				PRODUCT_NAME = "$(TARGET_NAME)";
				SWIFT_VERSION = 3.0;
			};
			name = Release;
		};
		848D9B151EF759220001D35A /* Debug */ = {
			isa = XCBuildConfiguration;
			buildSettings = {
				ALWAYS_EMBED_SWIFT_STANDARD_LIBRARIES = YES;
				BUNDLE_LOADER = "$(TEST_HOST)";
				DEVELOPMENT_TEAM = L78GS2GP27;
				INFOPLIST_FILE = DeleteImageTests/Info.plist;
				LD_RUNPATH_SEARCH_PATHS = "$(inherited) @executable_path/Frameworks @loader_path/Frameworks";
				PRODUCT_BUNDLE_IDENTIFIER = com.ydsz.DeleteImageTests;
				PRODUCT_NAME = "$(TARGET_NAME)";
				SWIFT_VERSION = 3.0;
				TEST_HOST = "$(BUILT_PRODUCTS_DIR)/DeleteImage.app/DeleteImage";
			};
			name = Debug;
		};
		848D9B161EF759220001D35A /* Release */ = {
			isa = XCBuildConfiguration;
			buildSettings = {
				ALWAYS_EMBED_SWIFT_STANDARD_LIBRARIES = YES;
				BUNDLE_LOADER = "$(TEST_HOST)";
				DEVELOPMENT_TEAM = L78GS2GP27;
				INFOPLIST_FILE = DeleteImageTests/Info.plist;
				LD_RUNPATH_SEARCH_PATHS = "$(inherited) @executable_path/Frameworks @loader_path/Frameworks";
				PRODUCT_BUNDLE_IDENTIFIER = com.ydsz.DeleteImageTests;
				PRODUCT_NAME = "$(TARGET_NAME)";
				SWIFT_VERSION = 3.0;
				TEST_HOST = "$(BUILT_PRODUCTS_DIR)/DeleteImage.app/DeleteImage";
			};
			name = Release;
		};
		848D9B181EF759220001D35A /* Debug */ = {
			isa = XCBuildConfiguration;
			buildSettings = {
				ALWAYS_EMBED_SWIFT_STANDARD_LIBRARIES = YES;
				DEVELOPMENT_TEAM = L78GS2GP27;
				INFOPLIST_FILE = DeleteImageUITests/Info.plist;
				LD_RUNPATH_SEARCH_PATHS = "$(inherited) @executable_path/Frameworks @loader_path/Frameworks";
				PRODUCT_BUNDLE_IDENTIFIER = com.ydsz.DeleteImageUITests;
				PRODUCT_NAME = "$(TARGET_NAME)";
				SWIFT_VERSION = 3.0;
				TEST_TARGET_NAME = DeleteImage;
			};
			name = Debug;
		};
		848D9B191EF759220001D35A /* Release */ = {
			isa = XCBuildConfiguration;
			buildSettings = {
				ALWAYS_EMBED_SWIFT_STANDARD_LIBRARIES = YES;
				DEVELOPMENT_TEAM = L78GS2GP27;
				INFOPLIST_FILE = DeleteImageUITests/Info.plist;
				LD_RUNPATH_SEARCH_PATHS = "$(inherited) @executable_path/Frameworks @loader_path/Frameworks";
				PRODUCT_BUNDLE_IDENTIFIER = com.ydsz.DeleteImageUITests;
				PRODUCT_NAME = "$(TARGET_NAME)";
				SWIFT_VERSION = 3.0;
				TEST_TARGET_NAME = DeleteImage;
			};
			name = Release;
		};
/* End XCBuildConfiguration section */

/* Begin XCConfigurationList section */
		848D9AE41EF759200001D35A /* Build configuration list for PBXProject "DeleteImage" */ = {
			isa = XCConfigurationList;
			buildConfigurations = (
				848D9B0F1EF759220001D35A /* Debug */,
				848D9B101EF759220001D35A /* Release */,
			);
			defaultConfigurationIsVisible = 0;
			defaultConfigurationName = Release;
		};
		848D9B111EF759220001D35A /* Build configuration list for PBXNativeTarget "DeleteImage" */ = {
			isa = XCConfigurationList;
			buildConfigurations = (
				848D9B121EF759220001D35A /* Debug */,
				848D9B131EF759220001D35A /* Release */,
			);
			defaultConfigurationIsVisible = 0;
		};
		848D9B141EF759220001D35A /* Build configuration list for PBXNativeTarget "DeleteImageTests" */ = {
			isa = XCConfigurationList;
			buildConfigurations = (
				848D9B151EF759220001D35A /* Debug */,
				848D9B161EF759220001D35A /* Release */,
			);
			defaultConfigurationIsVisible = 0;
		};
		848D9B171EF759220001D35A /* Build configuration list for PBXNativeTarget "DeleteImageUITests" */ = {
			isa = XCConfigurationList;
			buildConfigurations = (
				848D9B181EF759220001D35A /* Debug */,
				848D9B191EF759220001D35A /* Release */,
			);
			defaultConfigurationIsVisible = 0;
		};
/* End XCConfigurationList section */
	};
	rootObject = 848D9AE11EF759200001D35A /* Project object */;
}
